
Microsoft Visual Studio Solution File, Format Version 12.00
# Visual Studio Version 17
VisualStudioVersion = 17.12.35707.178
MinimumVisualStudioVersion = 10.0.40219.1
Project("{FAE04EC0-301F-11D3-BF4B-00C04F79EFBC}") = "sqm-config", "sqm-config.csproj", "{8627DE79-83DD-4389-A528-74EDAADC43A8}"
EndProject
Project("{FAE04EC0-301F-11D3-BF4B-00C04F79EFBC}") = "SQMeterASCOM", "..\SQMeterASCOM\SQMeterASCOM.csproj", "{C708E487-E3A9-4073-A545-294B88674225}"
EndProject
Project("{2150E333-8FDC-42A3-9474-1A3956D46DE8}") = "Solution Items", "Solution Items", "{4F35750D-993D-48D6-9A39-972C99C7A16E}"
	ProjectSection(SolutionItems) = preProject
		..\README.md = ..\README.md
	EndProjectSection
EndProject
Global
	GlobalSection(SolutionConfigurationPlatforms) = preSolution
		Debug|Any CPU = Debug|Any CPU
		Release|Any CPU = Release|Any CPU
	EndGlobalSection
	GlobalSection(ProjectConfigurationPlatforms) = postSolution
		{8627DE79-83DD-4389-A528-74EDAADC43A8}.Debug|Any CPU.ActiveCfg = Debug|Any CPU
		{8627DE79-83DD-4389-A528-74EDAADC43A8}.Debug|Any CPU.Build.0 = Debug|Any CPU
		{8627DE79-83DD-4389-A528-74EDAADC43A8}.Release|Any CPU.ActiveCfg = Release|Any CPU
		{8627DE79-83DD-4389-A528-74EDAADC43A8}.Release|Any CPU.Build.0 = Release|Any CPU
		{C708E487-E3A9-4073-A545-294B88674225}.Debug|Any CPU.ActiveCfg = Debug|Any CPU
		{C708E487-E3A9-4073-A545-294B88674225}.Debug|Any CPU.Build.0 = Debug|Any CPU
		{C708E487-E3A9-4073-A545-294B88674225}.Release|Any CPU.ActiveCfg = Release|Any CPU
		{C708E487-E3A9-4073-A545-294B88674225}.Release|Any CPU.Build.0 = Release|Any CPU
	EndGlobalSection
	GlobalSection(SolutionProperties) = preSolution
		HideSolutionNode = FALSE
	EndGlobalSection
EndGlobal
